<?xml version="1.0" encoding="utf-8"?>
<Project ToolsVersion="4.0" xmlns="http://schemas.microsoft.com/developer/msbuild/2003">
  <ItemGroup>
    <ClCompile Include="GameTest.cpp" />
    <ClCompile Include="stdafx.cpp" />
    <ClCompile Include="App\Utilities\src\SimpleController.cpp">
      <Filter>NextAPI</Filter>
    </ClCompile>
    <ClCompile Include="App\Utilities\src\SimpleSprite.cpp">
      <Filter>NextAPI</Filter>
    </ClCompile>
    <ClCompile Include="stb_image\stb_image.cpp">
      <Filter>stb_image</Filter>
    </ClCompile>
    <ClCompile Include="App\Components\src\Transform.cpp" />
    <ClCompile Include="App\Components\src\Collider.cpp" />
    <ClCompile Include="App\Components\src\BounceDirection.cpp" />
    <ClCompile Include="App\Components\src\Health.cpp" />
    <ClCompile Include="App\Systems\src\RenderingHandler.cpp" />
    <ClCompile Include="App\Systems\src\ShootingHandler.cpp" />
    <ClCompile Include="App\Systems\src\HealthHandler.cpp" />
    <ClCompile Include="App\Components\src\Renderable.cpp" />
    <ClCompile Include="App\Components\src\Component.cpp" />
    <ClCompile Include="App\Systems\src\InputHandler.cpp" />
    <ClCompile Include="App\Systems\src\AnimationHandler.cpp" />
    <ClCompile Include="App\Managers\src\EntityManager.cpp" />
    <ClCompile Include="App\Systems\src\CollisionHandler.cpp" />
    <ClCompile Include="App\Systems\src\MovementHandler.cpp" />
    <ClCompile Include="App\Components\src\Tag.cpp" />
    <ClCompile Include="App\Utilities\src\Helper.cpp" />
    <ClCompile Include="App\Managers\src\SystemManager.cpp" />
    <ClCompile Include="App\Systems\src\System.cpp" />
    <ClCompile Include="App\Systems\src\ScoreHandler.cpp" />
    <ClCompile Include="App\Components\src\Score.cpp" />
    <ClCompile Include="App\Systems\src\TimerHandler.cpp" />
    <ClCompile Include="App\Components\src\Timer.cpp" />
    <ClCompile Include="App\Utilities\src\Enums.cpp" />
    <ClCompile Include="App\Systems\src\EntityHandler.cpp" />
    <ClCompile Include="App\Components\src\Cooldown.cpp" />
    <ClCompile Include="App\Systems\src\CooldownHandler.cpp" />
    <ClCompile Include="App\Components\src\Velocity.cpp" />
    <ClCompile Include="App\Components\src\Screen.cpp" />
    <ClCompile Include="App\Systems\src\TitleHandler.cpp" />
    <ClCompile Include="App\Managers\src\SpriteManager.cpp" />
    <ClCompile Include="App\Managers\src\GameManager.cpp" />
    <ClCompile Include="App\Components\src\Color.cpp" />
    <ClCompile Include="App\Utilities\src\app.cpp" />
    <ClCompile Include="App\Utilities\src\DirectSound.cpp" />
    <ClCompile Include="App\Utilities\src\SimpleSound.cpp" />
    <ClCompile Include="App\Utilities\src\main.cpp" />
    <ClCompile Include="App\Managers\src\SoundManager.cpp" />
    <ClCompile Include="App\Utilities\src\QuadtreeNode.cpp" />
    <ClCompile Include="App\Components\src\Pickup.cpp" />
    <ClCompile Include="App\Components\src\Ammo.cpp" />
    <ClCompile Include="App\Components\src\EnemyType.cpp" />
    <ClCompile Include="App\Utilities\src\EntityId.cpp" />
    <ClCompile Include="App\ParticleSystem\src\ParticleManager.cpp" />
    <ClCompile Include="App\Utilities\src\Event.cpp" />
    <ClCompile Include="App\Utilities\src\Particle.cpp" />
    <ClCompile Include="App\Components\src\Animation.cpp" />
    <ClCompile Include="App\States\src\MainMenuState.cpp" />
    <ClCompile Include="App\States\src\PausedState.cpp" />
    <ClCompile Include="App\States\src\GameOverState.cpp" />
    <ClCompile Include="App\States\src\LoadingState.cpp" />
    <ClCompile Include="App\States\src\IGameState.cpp" />
    <ClCompile Include="App\States\src\GameplayState.cpp" />
    <ClCompile Include="App\ParticleSystem\src\ParticleEmitter.cpp" />
    <ClCompile Include="App\ParticleSystem\src\ParticleRenderer.cpp" />
  </ItemGroup>
  <ItemGroup>
    <ClInclude Include="stdafx.h" />
    <ClInclude Include="App\Utilities\include\SimpleController.h">
      <Filter>NextAPI</Filter>
    </ClInclude>
    <ClInclude Include="App\Utilities\include\SimpleSprite.h">
      <Filter>NextAPI</Filter>
    </ClInclude>
    <ClInclude Include="targetver.h">
      <Filter>NextAPI</Filter>
    </ClInclude>
    <ClInclude Include="stb_image\stb_image.h">
      <Filter>stb_image</Filter>
    </ClInclude>
    <ClInclude Include="App\Components\include\Transform.h" />
    <ClInclude Include="App\Components\include\Collider.h" />
    <ClInclude Include="App\Components\include\BounceDirection.h" />
    <ClInclude Include="App\Components\include\Health.h" />
    <ClInclude Include="App\Systems\include\RenderingHandler.h" />
    <ClInclude Include="App\Systems\include\ShootingHandler.h" />
    <ClInclude Include="App\Systems\include\HealthHandler.h" />
    <ClInclude Include="App\Components\include\Renderable.h" />
    <ClInclude Include="App\Components\include\Component.h" />
    <ClInclude Include="App\Systems\include\InputHandler.h" />
    <ClInclude Include="App\Systems\include\AnimationHandler.h" />
    <ClInclude Include="App\Utilities\include\AppSettings.h" />
    <ClInclude Include="App\Utilities\include\main.h" />
    <ClInclude Include="App\Managers\include\EntityManager.h" />
    <ClInclude Include="App\Systems\include\CollisionHandler.h" />
    <ClInclude Include="App\Systems\include\MovementHandler.h" />
    <ClInclude Include="App\Components\include\Tag.h" />
    <ClInclude Include="App\Utilities\include\Helper.h" />
    <ClInclude Include="App\Managers\include\SystemManager.h" />
    <ClInclude Include="App\Systems\include\System.h" />
    <ClInclude Include="App\Managers\SpriteManager.h" />
    <ClInclude Include="App\Systems\include\ScoreHandler.h" />
    <ClInclude Include="App\Components\include\Score.h" />
    <ClInclude Include="App\Systems\include\TimerHandler.h" />
    <ClInclude Include="App\Components\include\Timer.h" />
    <ClInclude Include="App\Utilities\include\Enums.h" />
    <ClInclude Include="App\Systems\include\EntityHandler.h" />
    <ClInclude Include="App\Components\include\Cooldown.h" />
    <ClInclude Include="App\Systems\include\CooldownHandler.h" />
    <ClInclude Include="App\Components\include\Velocity.h" />
    <ClInclude Include="App\Components\include\Screen.h" />
    <ClInclude Include="App\Systems\include\TitleHandler.h" />
    <ClInclude Include="App\Managers\include\SpriteManager.h" />
    <ClInclude Include="App\Managers\include\GameManager.h" />
    <ClInclude Include="App\Components\include\Color.h" />
    <ClInclude Include="App\Utilities\include\SimpleSound.h" />
    <ClInclude Include="App\Utilities\include\mydirectsound.h" />
    <ClInclude Include="App\Utilities\include\DirectSound.h" />
    <ClInclude Include="App\Utilities\include\app.h" />
    <ClInclude Include="App\Managers\include\SoundManager.h" />
    <ClInclude Include="App\Utilities\include\QuadtreeNode.h" />
    <ClInclude Include="App\Utilities\include\Profiler.h" />
    <ClInclude Include="App\Components\include\Pickup.h" />
    <ClInclude Include="App\Components\include\Ammo.h" />
    <ClInclude Include="App\Components\include\EnemyType.h" />
    <ClInclude Include="App\Utilities\include\EntityId.h" />
    <ClInclude Include="App\ParticleSystem\include\ParticleManager.h" />
    <ClInclude Include="App\Utilities\include\Event.h" />
    <ClInclude Include="App\Utilities\include\Particle.h" />
    <ClInclude Include="App\Components\include\Animation.h" />
    <ClInclude Include="App\States\include\MainMenuState.h" />
    <ClInclude Include="App\States\include\PausedState.h" />
    <ClInclude Include="App\States\include\GameOverState.h" />
    <ClInclude Include="App\States\include\LoadingState.h" />
    <ClInclude Include="App\States\include\IGameState.h" />
    <ClInclude Include="App\States\include\GameplayState.h" />
    <ClInclude Include="App\ParticleSystem\include\ParticleEmitter.h" />
    <ClInclude Include="App\ParticleSystem\include\ParticleRenderer.h" />
  </ItemGroup>
  <ItemGroup>
    <Filter Include="NextAPI">
      <UniqueIdentifier>{f318918d-bb9f-4402-ae1c-4f72186d16f6}</UniqueIdentifier>
    </Filter>
    <Filter Include="stb_image">
      <UniqueIdentifier>{61cfc19b-c57e-4021-b530-bac172fcba86}</UniqueIdentifier>
    </Filter>
  </ItemGroup>
  <ItemGroup>
    <Text Include="ReadMe.txt">
      <Filter>NextAPI</Filter>
    </Text>
  </ItemGroup>
  <ItemGroup>
    <Image Include="Data\SpriteSheets\Player.bmp" />
    <Image Include="Data\Sprites\AmmoEmpty.png" />
    <Image Include="Data\Sprites\AmmoFilled.png" />
    <Image Include="Data\Sprites\Bullet.bmp" />
    <Image Include="Data\Sprites\Title.png" />
    <Image Include="Data\SpriteSheets\Enemy.png" />
    <Image Include="Data\SpriteSheets\HealthBar.png" />
    <Image Include="Data\SpriteSheets\PlayButton.png" />
    <Image Include="Data\SpriteSheets\Player.png" />
    <Image Include="Data\SpriteSheets\AmmoPickup.png" />
    <Image Include="Data\SpriteSheets\Buttons.png" />
    <Image Include="Data\Sprites\PlayButton.png" />
    <Image Include="Data\Sprites\BackButton.png" />
    <Image Include="Data\Sprites\QuitButton.png" />
    <Image Include="Data\Sprites\Starfield.png" />
    <Image Include="Data\Sprites\Crosshair.png" />
    <Image Include="Data\Sprites\AmmoPickup.png" />
    <Image Include="Data\SpriteSheets\LightningStrike.png" />
    <Image Include="Data\Sprites\HealthPickup.png" />
    <Image Include="Data\Sprites\LightningPickup.png" />
  </ItemGroup>
  <ItemGroup>
    <Media Include="Data\Sounds\Test.wav" />
    <Media Include="Data\Sounds\BubblePop.mp3" />
    <Media Include="Data\Sounds\ButtonClick.mp3" />
    <Media Include="Data\Sounds\Gunfire.mp3" />
    <Media Include="Data\Sounds\Hurt.wav" />
    <Media Include="Data\Sounds\Reload.mp3" />
    <Media Include="Data\Sounds\BubblePop.wav" />
    <Media Include="Data\Sounds\ButtonClick.wav" />
    <Media Include="Data\Sounds\Gunfire.wav" />
    <Media Include="Data\Sounds\Reload.wav" />
    <Media Include="Data\Sounds\Doo.wav" />
  </ItemGroup>
</Project>