<?xml version="1.0" encoding="utf-8"?>
<Project ToolsVersion="4.0" xmlns="http://schemas.microsoft.com/developer/msbuild/2003">
  <ItemGroup>
    <ClCompile Include="GameTest.cpp" />
    <ClCompile Include="stdafx.cpp" />
    <ClCompile Include="App\Utilities\src\SimpleController.cpp">
      <Filter>NextAPI</Filter>
    </ClCompile>
    <ClCompile Include="App\Utilities\src\SimpleSound.cpp">
      <Filter>NextAPI</Filter>
    </ClCompile>
    <ClCompile Include="App\Utilities\src\SimpleSprite.cpp">
      <Filter>NextAPI</Filter>
    </ClCompile>
    <ClCompile Include="stb_image\stb_image.cpp">
      <Filter>stb_image</Filter>
    </ClCompile>
    <ClCompile Include="App\Components\src\Transform.cpp" />
    <ClCompile Include="App\Components\src\Collider.cpp" />
    <ClCompile Include="App\Components\src\BounceDirection.cpp" />
    <ClCompile Include="App\Components\src\Health.cpp" />
    <ClCompile Include="App\Components\src\Button.cpp" />
    <ClCompile Include="App\Systems\src\RenderingHandler.cpp" />
    <ClCompile Include="App\Systems\src\ShootingHandler.cpp" />
    <ClCompile Include="App\Systems\src\HealthHandler.cpp" />
    <ClCompile Include="App\Components\src\Renderable.cpp" />
    <ClCompile Include="App\Components\src\Component.cpp" />
    <ClCompile Include="App\Systems\src\InputHandler.cpp" />
    <ClCompile Include="App\Components\src\Animation.cpp" />
    <ClCompile Include="App\Systems\src\AnimationHandler.cpp" />
    <ClCompile Include="App\Utilities\src\app.cpp" />
    <ClCompile Include="App\Utilities\src\main.cpp" />
    <ClCompile Include="App\Managers\src\EntityManager.cpp" />
    <ClCompile Include="App\Systems\src\CollisionHandler.cpp" />
    <ClCompile Include="App\Systems\src\MovementHandler.cpp" />
    <ClCompile Include="App\Components\src\Tag.cpp" />
    <ClCompile Include="App\Utilities\src\Helper.cpp" />
    <ClCompile Include="App\Managers\src\SystemManager.cpp" />
    <ClCompile Include="App\Systems\src\System.cpp" />
    <ClCompile Include="App\Systems\src\Event.cpp" />
    <ClCompile Include="App\Systems\src\ScoreHandler.cpp" />
    <ClCompile Include="App\Components\src\Score.cpp" />
    <ClCompile Include="App\Systems\src\TimerHandler.cpp" />
    <ClCompile Include="App\Components\src\Timer.cpp" />
    <ClCompile Include="App\Utilities\src\Enums.cpp" />
    <ClCompile Include="App\Components\src\EntityId.cpp" />
    <ClCompile Include="App\Systems\src\EntityHandler.cpp" />
    <ClCompile Include="App\Components\src\Cooldown.cpp" />
    <ClCompile Include="App\Systems\src\CooldownHandler.cpp" />
    <ClCompile Include="App\Components\src\Velocity.cpp" />
    <ClCompile Include="App\Components\src\Screen.cpp" />
  </ItemGroup>
  <ItemGroup>
    <ClInclude Include="stdafx.h" />
    <ClInclude Include="App\Utilities\include\SimpleController.h">
      <Filter>NextAPI</Filter>
    </ClInclude>
    <ClInclude Include="App\Utilities\include\SimpleSound.h">
      <Filter>NextAPI</Filter>
    </ClInclude>
    <ClInclude Include="App\Utilities\include\SimpleSprite.h">
      <Filter>NextAPI</Filter>
    </ClInclude>
    <ClInclude Include="targetver.h">
      <Filter>NextAPI</Filter>
    </ClInclude>
    <ClInclude Include="stb_image\stb_image.h">
      <Filter>stb_image</Filter>
    </ClInclude>
    <ClInclude Include="App\Components\include\Transform.h" />
    <ClInclude Include="App\Components\include\Collider.h" />
    <ClInclude Include="App\Components\include\BounceDirection.h" />
    <ClInclude Include="App\Components\include\Health.h" />
    <ClInclude Include="App\Components\include\Button.h" />
    <ClInclude Include="App\Systems\include\RenderingHandler.h" />
    <ClInclude Include="App\Systems\include\ShootingHandler.h" />
    <ClInclude Include="App\Systems\include\HealthHandler.h" />
    <ClInclude Include="App\Components\include\Renderable.h" />
    <ClInclude Include="App\Components\include\Component.h" />
    <ClInclude Include="App\Systems\include\InputHandler.h" />
    <ClInclude Include="App\Components\include\Animation.h" />
    <ClInclude Include="App\Systems\include\AnimationHandler.h" />
    <ClInclude Include="App\Utilities\include\app.h" />
    <ClInclude Include="App\Utilities\include\AppSettings.h" />
    <ClInclude Include="App\Utilities\include\main.h" />
    <ClInclude Include="App\Managers\include\EntityManager.h" />
    <ClInclude Include="App\Systems\include\CollisionHandler.h" />
    <ClInclude Include="App\Systems\include\MovementHandler.h" />
    <ClInclude Include="App\Components\include\Tag.h" />
    <ClInclude Include="App\Utilities\include\Helper.h" />
    <ClInclude Include="App\Managers\include\SystemManager.h" />
    <ClInclude Include="App\Systems\include\System.h" />
    <ClInclude Include="App\Systems\include\Event.h" />
    <ClInclude Include="App\Managers\SpriteManager.h" />
    <ClInclude Include="App\Systems\include\ScoreHandler.h" />
    <ClInclude Include="App\Components\include\Score.h" />
    <ClInclude Include="App\Systems\include\TimerHandler.h" />
    <ClInclude Include="App\Components\include\Timer.h" />
    <ClInclude Include="App\Utilities\include\Enums.h" />
    <ClInclude Include="App\Components\include\EntityId.h" />
    <ClInclude Include="App\Systems\include\EntityHandler.h" />
    <ClInclude Include="App\Components\include\Cooldown.h" />
    <ClInclude Include="App\Systems\include\CooldownHandler.h" />
    <ClInclude Include="App\Components\include\Velocity.h" />
    <ClInclude Include="App\Components\include\Screen.h" />
  </ItemGroup>
  <ItemGroup>
    <Filter Include="NextAPI">
      <UniqueIdentifier>{f318918d-bb9f-4402-ae1c-4f72186d16f6}</UniqueIdentifier>
    </Filter>
    <Filter Include="stb_image">
      <UniqueIdentifier>{61cfc19b-c57e-4021-b530-bac172fcba86}</UniqueIdentifier>
    </Filter>
  </ItemGroup>
  <ItemGroup>
    <Text Include="ReadMe.txt">
      <Filter>NextAPI</Filter>
    </Text>
  </ItemGroup>
</Project>