<?xml version="1.0" encoding="utf-8"?>
<Project ToolsVersion="4.0" xmlns="http://schemas.microsoft.com/developer/msbuild/2003">
  <ItemGroup>
    <ClCompile Include="GameTest.cpp" />
    <ClCompile Include="stdafx.cpp" />
    <ClCompile Include="App\Application\src\app.cpp">
      <Filter>NextAPI</Filter>
    </ClCompile>
    <ClCompile Include="App\Application\src\main.cpp">
      <Filter>NextAPI</Filter>
    </ClCompile>
    <ClCompile Include="App\Controller\src\SimpleController.cpp">
      <Filter>NextAPI</Filter>
    </ClCompile>
    <ClCompile Include="App\Sound\src\SimpleSound.cpp">
      <Filter>NextAPI</Filter>
    </ClCompile>
    <ClCompile Include="App\Sprite\src\SimpleSprite.cpp">
      <Filter>NextAPI</Filter>
    </ClCompile>
    <ClCompile Include="stb_image\stb_image.cpp">
      <Filter>stb_image</Filter>
    </ClCompile>
    <ClCompile Include="App\Components\src\Transform.cpp" />
    <ClCompile Include="App\Components\src\Collider.cpp" />
    <ClCompile Include="App\Components\src\Render.cpp" />
    <ClCompile Include="App\Components\src\Velocity.cpp" />
    <ClCompile Include="App\Components\src\Direction.cpp" />
    <ClCompile Include="App\Components\src\Damage.cpp" />
    <ClCompile Include="App\Components\src\Health.cpp" />
    <ClCompile Include="App\Entities\src\Enemy.cpp" />
    <ClCompile Include="App\Entities\src\Player.cpp" />
    <ClCompile Include="App\Entities\src\Bullet.cpp" />
    <ClCompile Include="App\Entities\src\ReloadingCircle.cpp" />
    <ClCompile Include="App\Entities\src\UIElements.cpp" />
    <ClCompile Include="App\Systems\src\HealthSystem.cpp" />
    <ClCompile Include="App\Systems\src\RenderingSystem.cpp" />
    <ClCompile Include="App\Systems\src\MovementSystem.cpp" />
    <ClCompile Include="App\Systems\src\CollisionSystem.cpp" />
    <ClCompile Include="App\Systems\src\ShootingSystem.cpp" />
    <ClCompile Include="App\Systems\src\UISystem.cpp" />
  </ItemGroup>
  <ItemGroup>
    <ClInclude Include="stdafx.h" />
    <ClInclude Include="App\Application\include\app.h">
      <Filter>NextAPI</Filter>
    </ClInclude>
    <ClInclude Include="App\Application\include\AppSettings.h">
      <Filter>NextAPI</Filter>
    </ClInclude>
    <ClInclude Include="App\Application\include\main.h">
      <Filter>NextAPI</Filter>
    </ClInclude>
    <ClInclude Include="App\Controller\include\SimpleController.h">
      <Filter>NextAPI</Filter>
    </ClInclude>
    <ClInclude Include="App\Sound\include\SimpleSound.h">
      <Filter>NextAPI</Filter>
    </ClInclude>
    <ClInclude Include="App\Sprite\include\SimpleSprite.h">
      <Filter>NextAPI</Filter>
    </ClInclude>
    <ClInclude Include="targetver.h">
      <Filter>NextAPI</Filter>
    </ClInclude>
    <ClInclude Include="stb_image\stb_image.h">
      <Filter>stb_image</Filter>
    </ClInclude>
    <ClInclude Include="App\Components\include\Transform.h" />
    <ClInclude Include="App\Components\include\Collider.h" />
    <ClInclude Include="App\Components\include\Render.h" />
    <ClInclude Include="App\Components\include\Velocity.h" />
    <ClInclude Include="App\Components\include\Direction.h" />
    <ClInclude Include="App\Components\include\Damage.h" />
    <ClInclude Include="App\Components\include\Health.h" />
    <ClInclude Include="App\Entities\include\Enemy.h" />
    <ClInclude Include="App\Entities\include\Player.h" />
    <ClInclude Include="App\Entities\include\Bullet.h" />
    <ClInclude Include="App\Entities\include\ReloadingCircle.h" />
    <ClInclude Include="App\Entities\include\UIElements.h" />
    <ClInclude Include="App\Systems\include\HealthSystem.h" />
    <ClInclude Include="App\Systems\include\RenderingSystem.h" />
    <ClInclude Include="App\Systems\include\MovementSystem.h" />
    <ClInclude Include="App\Systems\include\CollisionSystem.h" />
    <ClInclude Include="App\Systems\include\ShootingSystem.h" />
    <ClInclude Include="App\Systems\include\UISystem.h" />
  </ItemGroup>
  <ItemGroup>
    <Filter Include="NextAPI">
      <UniqueIdentifier>{f318918d-bb9f-4402-ae1c-4f72186d16f6}</UniqueIdentifier>
    </Filter>
    <Filter Include="stb_image">
      <UniqueIdentifier>{61cfc19b-c57e-4021-b530-bac172fcba86}</UniqueIdentifier>
    </Filter>
  </ItemGroup>
  <ItemGroup>
    <Text Include="ReadMe.txt">
      <Filter>NextAPI</Filter>
    </Text>
  </ItemGroup>
</Project>